
Microsoft Visual Studio Solution File, Format Version 12.00
# Visual Studio 15
VisualStudioVersion = 15.0.28307.960
MinimumVisualStudioVersion = 10.0.40219.1
Project("{FAE04EC0-301F-11D3-BF4B-00C04F79EFBC}") = "demonuget", "demonuget\demonuget.csproj", "{F9FF412A-6B28-4537-9DE5-63323B7A3B94}"
EndProject
Global
	GlobalSection(SolutionConfigurationPlatforms) = preSolution
		Debug|Any CPU = Debug|Any CPU
		Release|Any CPU = Release|Any CPU
	EndGlobalSection
	GlobalSection(ProjectConfigurationPlatforms) = postSolution
		{F9FF412A-6B28-4537-9DE5-63323B7A3B94}.Debug|Any CPU.ActiveCfg = Debug|Any CPU
		{F9FF412A-6B28-4537-9DE5-63323B7A3B94}.Debug|Any CPU.Build.0 = Debug|Any CPU
		{F9FF412A-6B28-4537-9DE5-63323B7A3B94}.Release|Any CPU.ActiveCfg = Release|Any CPU
		{F9FF412A-6B28-4537-9DE5-63323B7A3B94}.Release|Any CPU.Build.0 = Release|Any CPU
	EndGlobalSection
	GlobalSection(SolutionProperties) = preSolution
		HideSolutionNode = FALSE
	EndGlobalSection
	GlobalSection(ExtensibilityGlobals) = postSolution
		SolutionGuid = {EBEF0A17-19F9-4D29-81EA-3775E29837F4}
	EndGlobalSection
EndGlobal
